
Microsoft Visual Studio Solution File, Format Version 12.00
# Visual Studio Version 16
VisualStudioVersion = 16.0.31424.327
MinimumVisualStudioVersion = 10.0.40219.1
Project("{FAE04EC0-301F-11D3-BF4B-00C04F79EFBC}") = "TransactionsCRUD", "TransactionsCRUD\TransactionsCRUD.csproj", "{8C5178DE-407E-4ED9-B5E6-95680B42DA54}"
EndProject
Global
	GlobalSection(SolutionConfigurationPlatforms) = preSolution
		Debug|Any CPU = Debug|Any CPU
		Release|Any CPU = Release|Any CPU
	EndGlobalSection
	GlobalSection(ProjectConfigurationPlatforms) = postSolution
		{8C5178DE-407E-4ED9-B5E6-95680B42DA54}.Debug|Any CPU.ActiveCfg = Debug|Any CPU
		{8C5178DE-407E-4ED9-B5E6-95680B42DA54}.Debug|Any CPU.Build.0 = Debug|Any CPU
		{8C5178DE-407E-4ED9-B5E6-95680B42DA54}.Release|Any CPU.ActiveCfg = Release|Any CPU
		{8C5178DE-407E-4ED9-B5E6-95680B42DA54}.Release|Any CPU.Build.0 = Release|Any CPU
	EndGlobalSection
	GlobalSection(SolutionProperties) = preSolution
		HideSolutionNode = FALSE
	EndGlobalSection
	GlobalSection(ExtensibilityGlobals) = postSolution
		SolutionGuid = {85B811A6-DB5D-486E-8612-6BBD69E1DC9E}
	EndGlobalSection
EndGlobal
